
Microsoft Visual Studio Solution File, Format Version 12.00
# Visual Studio Version 17
VisualStudioVersion = 17.0.32014.148
MinimumVisualStudioVersion = 10.0.40219.1
Project("{FAE04EC0-301F-11D3-BF4B-00C04F79EFBC}") = "AdoNetExamples.Es1", "AdoNetExamples.Es1\AdoNetExamples.Es1.csproj", "{F7D7ED47-47F2-49B3-AC72-7531E385841A}"
EndProject
Project("{FAE04EC0-301F-11D3-BF4B-00C04F79EFBC}") = "AdoNetExamples.Es1.Data", "AdoNetExamples.Es1.Data\AdoNetExamples.Es1.Data.csproj", "{52758290-1B72-4A22-B100-90CC1395211E}"
EndProject
Global
	GlobalSection(SolutionConfigurationPlatforms) = preSolution
		Debug|Any CPU = Debug|Any CPU
		Release|Any CPU = Release|Any CPU
	EndGlobalSection
	GlobalSection(ProjectConfigurationPlatforms) = postSolution
		{F7D7ED47-47F2-49B3-AC72-7531E385841A}.Debug|Any CPU.ActiveCfg = Debug|Any CPU
		{F7D7ED47-47F2-49B3-AC72-7531E385841A}.Debug|Any CPU.Build.0 = Debug|Any CPU
		{F7D7ED47-47F2-49B3-AC72-7531E385841A}.Release|Any CPU.ActiveCfg = Release|Any CPU
		{F7D7ED47-47F2-49B3-AC72-7531E385841A}.Release|Any CPU.Build.0 = Release|Any CPU
		{52758290-1B72-4A22-B100-90CC1395211E}.Debug|Any CPU.ActiveCfg = Debug|Any CPU
		{52758290-1B72-4A22-B100-90CC1395211E}.Debug|Any CPU.Build.0 = Debug|Any CPU
		{52758290-1B72-4A22-B100-90CC1395211E}.Release|Any CPU.ActiveCfg = Release|Any CPU
		{52758290-1B72-4A22-B100-90CC1395211E}.Release|Any CPU.Build.0 = Release|Any CPU
	EndGlobalSection
	GlobalSection(SolutionProperties) = preSolution
		HideSolutionNode = FALSE
	EndGlobalSection
	GlobalSection(ExtensibilityGlobals) = postSolution
		SolutionGuid = {93E4A549-6FEE-49B1-88A1-47E5C456CECA}
	EndGlobalSection
EndGlobal
